
Microsoft Visual Studio Solution File, Format Version 12.00
# Visual Studio Version 16
VisualStudioVersion = 16.0.32413.511
MinimumVisualStudioVersion = 10.0.40219.1
Project("{FAE04EC0-301F-11D3-BF4B-00C04F79EFBC}") = "FirstLAB2ex", "FirstLAB2ex.csproj", "{FF942C0D-BACB-4527-8BAF-2AD08347F7A0}"
EndProject
Project("{FAE04EC0-301F-11D3-BF4B-00C04F79EFBC}") = "FirstLAB2exTests", "..\FirstLAB2exTests\FirstLAB2exTests.csproj", "{F1991F73-75F8-4D26-AF3E-E46CFB8B8FDC}"
EndProject
Global
	GlobalSection(SolutionConfigurationPlatforms) = preSolution
		Debug|Any CPU = Debug|Any CPU
		Release|Any CPU = Release|Any CPU
	EndGlobalSection
	GlobalSection(ProjectConfigurationPlatforms) = postSolution
		{FF942C0D-BACB-4527-8BAF-2AD08347F7A0}.Debug|Any CPU.ActiveCfg = Debug|Any CPU
		{FF942C0D-BACB-4527-8BAF-2AD08347F7A0}.Debug|Any CPU.Build.0 = Debug|Any CPU
		{FF942C0D-BACB-4527-8BAF-2AD08347F7A0}.Release|Any CPU.ActiveCfg = Release|Any CPU
		{FF942C0D-BACB-4527-8BAF-2AD08347F7A0}.Release|Any CPU.Build.0 = Release|Any CPU
		{F1991F73-75F8-4D26-AF3E-E46CFB8B8FDC}.Debug|Any CPU.ActiveCfg = Debug|Any CPU
		{F1991F73-75F8-4D26-AF3E-E46CFB8B8FDC}.Debug|Any CPU.Build.0 = Debug|Any CPU
		{F1991F73-75F8-4D26-AF3E-E46CFB8B8FDC}.Release|Any CPU.ActiveCfg = Release|Any CPU
		{F1991F73-75F8-4D26-AF3E-E46CFB8B8FDC}.Release|Any CPU.Build.0 = Release|Any CPU
	EndGlobalSection
	GlobalSection(SolutionProperties) = preSolution
		HideSolutionNode = FALSE
	EndGlobalSection
	GlobalSection(ExtensibilityGlobals) = postSolution
		SolutionGuid = {DB5CFE9F-BC82-4964-8148-7D1B5B9F73CA}
	EndGlobalSection
EndGlobal
